
Microsoft Visual Studio Solution File, Format Version 12.00
# Visual Studio 14
VisualStudioVersion = 14.0.25420.1
MinimumVisualStudioVersion = 10.0.40219.1
Project("{FAE04EC0-301F-11D3-BF4B-00C04F79EFBC}") = "Assignment6Group2", "Assignment6Group2\Assignment6Group2.csproj", "{06FB1428-96DD-4AAA-9365-B31CA37A112B}"
EndProject
Global
	GlobalSection(SolutionConfigurationPlatforms) = preSolution
		Debug|Any CPU = Debug|Any CPU
		Release|Any CPU = Release|Any CPU
	EndGlobalSection
	GlobalSection(ProjectConfigurationPlatforms) = postSolution
		{06FB1428-96DD-4AAA-9365-B31CA37A112B}.Debug|Any CPU.ActiveCfg = Debug|Any CPU
		{06FB1428-96DD-4AAA-9365-B31CA37A112B}.Debug|Any CPU.Build.0 = Debug|Any CPU
		{06FB1428-96DD-4AAA-9365-B31CA37A112B}.Release|Any CPU.ActiveCfg = Release|Any CPU
		{06FB1428-96DD-4AAA-9365-B31CA37A112B}.Release|Any CPU.Build.0 = Release|Any CPU
	EndGlobalSection
	GlobalSection(SolutionProperties) = preSolution
		HideSolutionNode = FALSE
	EndGlobalSection
EndGlobal
